<?xml version="1.0" encoding="utf-8"?>
<Project ToolsVersion="16.0" xmlns="http://schemas.microsoft.com/developer/msbuild/2003">
  <ItemGroup>
    <ClCompile Include="C:\Repositories\Hobby-renderer\thirdparty\stb_image.cpp">
      <Filter>Source Files</Filter>
    </ClCompile>
  </ItemGroup>
  <ItemGroup>
    <CustomBuild Include="C:\Repositories\Hobby-renderer\CMakeLists.txt" />
  </ItemGroup>
  <ItemGroup>
    <Filter Include="Source Files">
      <UniqueIdentifier>{BD44457F-8D49-3D03-A5A5-2C7467673FB7}</UniqueIdentifier>
    </Filter>
  </ItemGroup>
</Project>
